// !$*UTF8*$!
{
	archiveVersion = 1;
	classes = {
	};
	objectVersion = 46;
	objects = {

/* Begin PBXBuildFile section */
		341BAEC41E0DC3B500F8D4CA /* FeedVC.swift in Sources */ = {isa = PBXBuildFile; fileRef = 341BAEC31E0DC3B500F8D4CA /* FeedVC.swift */; };
		341BAEC61E0DD20C00F8D4CA /* CircleView.swift in Sources */ = {isa = PBXBuildFile; fileRef = 341BAEC51E0DD20C00F8D4CA /* CircleView.swift */; };
		342204DC1E0C64F50054D465 /* RountBtn.swift in Sources */ = {isa = PBXBuildFile; fileRef = 342204DB1E0C64F50054D465 /* RountBtn.swift */; };
		342204DE1E0C66450054D465 /* FancyField.swift in Sources */ = {isa = PBXBuildFile; fileRef = 342204DD1E0C66450054D465 /* FancyField.swift */; };
		342204E01E0C67500054D465 /* FancyBtn.swift in Sources */ = {isa = PBXBuildFile; fileRef = 342204DF1E0C67500054D465 /* FancyBtn.swift */; };
		345589AE1E14BC7600CAD16A /* CurrentWeather.swift in Sources */ = {isa = PBXBuildFile; fileRef = 345589AD1E14BC7600CAD16A /* CurrentWeather.swift */; };
		34B2C0F71E0BAC0500AA5570 /* FancyView.swift in Sources */ = {isa = PBXBuildFile; fileRef = 34B2C0F61E0BAC0500AA5570 /* FancyView.swift */; };
		34B2C0FA1E0BAC9800AA5570 /* Constants.swift in Sources */ = {isa = PBXBuildFile; fileRef = 34B2C0F91E0BAC9800AA5570 /* Constants.swift */; };
		34B583001E11CD9C006D1EED /* PostCell.swift in Sources */ = {isa = PBXBuildFile; fileRef = 34B582FF1E11CD9C006D1EED /* PostCell.swift */; };
		34B583051E11F54F006D1EED /* DataService.swift in Sources */ = {isa = PBXBuildFile; fileRef = 34B583041E11F54F006D1EED /* DataService.swift */; };
		34EE06031E13709C0035C016 /* WeatherVC.swift in Sources */ = {isa = PBXBuildFile; fileRef = 34EE06021E13709C0035C016 /* WeatherVC.swift */; };
		34F2F3171E121FC900C51CF6 /* Post.swift in Sources */ = {isa = PBXBuildFile; fileRef = 34F2F3161E121FC900C51CF6 /* Post.swift */; };
		34FA81041E16267C00C85B03 /* Forecast.swift in Sources */ = {isa = PBXBuildFile; fileRef = 34FA81031E16267C00C85B03 /* Forecast.swift */; };
		34FA81061E162FE100C85B03 /* WeatherCell.swift in Sources */ = {isa = PBXBuildFile; fileRef = 34FA81051E162FE100C85B03 /* WeatherCell.swift */; };
		34FA81081E16358800C85B03 /* Location.swift in Sources */ = {isa = PBXBuildFile; fileRef = 34FA81071E16358800C85B03 /* Location.swift */; };
		34FDE1541E0B308C0093A6CA /* AppDelegate.swift in Sources */ = {isa = PBXBuildFile; fileRef = 34FDE1531E0B308C0093A6CA /* AppDelegate.swift */; };
		34FDE1561E0B308C0093A6CA /* SignInVC.swift in Sources */ = {isa = PBXBuildFile; fileRef = 34FDE1551E0B308C0093A6CA /* SignInVC.swift */; };
		34FDE1591E0B308C0093A6CA /* Main.storyboard in Resources */ = {isa = PBXBuildFile; fileRef = 34FDE1571E0B308C0093A6CA /* Main.storyboard */; };
		34FDE15B1E0B308C0093A6CA /* Assets.xcassets in Resources */ = {isa = PBXBuildFile; fileRef = 34FDE15A1E0B308C0093A6CA /* Assets.xcassets */; };
		34FDE15E1E0B308C0093A6CA /* LaunchScreen.storyboard in Resources */ = {isa = PBXBuildFile; fileRef = 34FDE15C1E0B308C0093A6CA /* LaunchScreen.storyboard */; };
		34FDE1661E0B30E20093A6CA /* GoogleService-Info.plist in Resources */ = {isa = PBXBuildFile; fileRef = 34FDE1651E0B30E20093A6CA /* GoogleService-Info.plist */; };
		6BFCD0B9355D8F7DF32C5D02 /* Pods_MineNetwork.framework in Frameworks */ = {isa = PBXBuildFile; fileRef = 7C6CB83860AD94E14296C93E /* Pods_MineNetwork.framework */; };
/* End PBXBuildFile section */

/* Begin PBXFileReference section */
		341BAEBC1E0DB08600F8D4CA /* MineNetwork.entitlements */ = {isa = PBXFileReference; lastKnownFileType = text.plist.entitlements; path = MineNetwork.entitlements; sourceTree = "<group>"; };
		341BAEC31E0DC3B500F8D4CA /* FeedVC.swift */ = {isa = PBXFileReference; fileEncoding = 4; lastKnownFileType = sourcecode.swift; path = FeedVC.swift; sourceTree = "<group>"; };
		341BAEC51E0DD20C00F8D4CA /* CircleView.swift */ = {isa = PBXFileReference; fileEncoding = 4; lastKnownFileType = sourcecode.swift; path = CircleView.swift; sourceTree = "<group>"; };
		342204DB1E0C64F50054D465 /* RountBtn.swift */ = {isa = PBXFileReference; fileEncoding = 4; lastKnownFileType = sourcecode.swift; path = RountBtn.swift; sourceTree = "<group>"; };
		342204DD1E0C66450054D465 /* FancyField.swift */ = {isa = PBXFileReference; fileEncoding = 4; lastKnownFileType = sourcecode.swift; path = FancyField.swift; sourceTree = "<group>"; };
		342204DF1E0C67500054D465 /* FancyBtn.swift */ = {isa = PBXFileReference; fileEncoding = 4; lastKnownFileType = sourcecode.swift; path = FancyBtn.swift; sourceTree = "<group>"; };
		345589AD1E14BC7600CAD16A /* CurrentWeather.swift */ = {isa = PBXFileReference; fileEncoding = 4; lastKnownFileType = sourcecode.swift; path = CurrentWeather.swift; sourceTree = "<group>"; };
		34B2C0F61E0BAC0500AA5570 /* FancyView.swift */ = {isa = PBXFileReference; fileEncoding = 4; lastKnownFileType = sourcecode.swift; path = FancyView.swift; sourceTree = "<group>"; };
		34B2C0F91E0BAC9800AA5570 /* Constants.swift */ = {isa = PBXFileReference; fileEncoding = 4; lastKnownFileType = sourcecode.swift; path = Constants.swift; sourceTree = "<group>"; };
		34B582FF1E11CD9C006D1EED /* PostCell.swift */ = {isa = PBXFileReference; fileEncoding = 4; lastKnownFileType = sourcecode.swift; path = PostCell.swift; sourceTree = "<group>"; };
		34B583041E11F54F006D1EED /* DataService.swift */ = {isa = PBXFileReference; fileEncoding = 4; lastKnownFileType = sourcecode.swift; path = DataService.swift; sourceTree = "<group>"; };
		34EE06021E13709C0035C016 /* WeatherVC.swift */ = {isa = PBXFileReference; fileEncoding = 4; lastKnownFileType = sourcecode.swift; path = WeatherVC.swift; sourceTree = "<group>"; };
		34F2F3161E121FC900C51CF6 /* Post.swift */ = {isa = PBXFileReference; fileEncoding = 4; lastKnownFileType = sourcecode.swift; path = Post.swift; sourceTree = "<group>"; };
		34FA81031E16267C00C85B03 /* Forecast.swift */ = {isa = PBXFileReference; fileEncoding = 4; lastKnownFileType = sourcecode.swift; path = Forecast.swift; sourceTree = "<group>"; };
		34FA81051E162FE100C85B03 /* WeatherCell.swift */ = {isa = PBXFileReference; fileEncoding = 4; lastKnownFileType = sourcecode.swift; path = WeatherCell.swift; sourceTree = "<group>"; };
		34FA81071E16358800C85B03 /* Location.swift */ = {isa = PBXFileReference; fileEncoding = 4; lastKnownFileType = sourcecode.swift; path = Location.swift; sourceTree = "<group>"; };
		34FDE1501E0B308C0093A6CA /* MineNetwork.app */ = {isa = PBXFileReference; explicitFileType = wrapper.application; includeInIndex = 0; path = MineNetwork.app; sourceTree = BUILT_PRODUCTS_DIR; };
		34FDE1531E0B308C0093A6CA /* AppDelegate.swift */ = {isa = PBXFileReference; lastKnownFileType = sourcecode.swift; path = AppDelegate.swift; sourceTree = "<group>"; };
		34FDE1551E0B308C0093A6CA /* SignInVC.swift */ = {isa = PBXFileReference; lastKnownFileType = sourcecode.swift; path = SignInVC.swift; sourceTree = "<group>"; };
		34FDE1581E0B308C0093A6CA /* Base */ = {isa = PBXFileReference; lastKnownFileType = file.storyboard; name = Base; path = Base.lproj/Main.storyboard; sourceTree = "<group>"; };
		34FDE15A1E0B308C0093A6CA /* Assets.xcassets */ = {isa = PBXFileReference; lastKnownFileType = folder.assetcatalog; path = Assets.xcassets; sourceTree = "<group>"; };
		34FDE15D1E0B308C0093A6CA /* Base */ = {isa = PBXFileReference; lastKnownFileType = file.storyboard; name = Base; path = Base.lproj/LaunchScreen.storyboard; sourceTree = "<group>"; };
		34FDE15F1E0B308C0093A6CA /* Info.plist */ = {isa = PBXFileReference; lastKnownFileType = text.plist.xml; path = Info.plist; sourceTree = "<group>"; };
		34FDE1651E0B30E20093A6CA /* GoogleService-Info.plist */ = {isa = PBXFileReference; fileEncoding = 4; lastKnownFileType = text.plist.xml; path = "GoogleService-Info.plist"; sourceTree = "<group>"; };
		53315ACEFF180116B4E05078 /* Pods-MineNetwork.debug.xcconfig */ = {isa = PBXFileReference; includeInIndex = 1; lastKnownFileType = text.xcconfig; name = "Pods-MineNetwork.debug.xcconfig"; path = "Pods/Target Support Files/Pods-MineNetwork/Pods-MineNetwork.debug.xcconfig"; sourceTree = "<group>"; };
		7C6CB83860AD94E14296C93E /* Pods_MineNetwork.framework */ = {isa = PBXFileReference; explicitFileType = wrapper.framework; includeInIndex = 0; path = Pods_MineNetwork.framework; sourceTree = BUILT_PRODUCTS_DIR; };
		DAE501CE878E31C76920BEBA /* Pods-MineNetwork.release.xcconfig */ = {isa = PBXFileReference; includeInIndex = 1; lastKnownFileType = text.xcconfig; name = "Pods-MineNetwork.release.xcconfig"; path = "Pods/Target Support Files/Pods-MineNetwork/Pods-MineNetwork.release.xcconfig"; sourceTree = "<group>"; };
/* End PBXFileReference section */

/* Begin PBXFrameworksBuildPhase section */
		34FDE14D1E0B308C0093A6CA /* Frameworks */ = {
			isa = PBXFrameworksBuildPhase;
			buildActionMask = 2147483647;
			files = (
				6BFCD0B9355D8F7DF32C5D02 /* Pods_MineNetwork.framework in Frameworks */,
			);
			runOnlyForDeploymentPostprocessing = 0;
		};
/* End PBXFrameworksBuildPhase section */

/* Begin PBXGroup section */
		0BC57B07C32B2586154DB49A /* Frameworks */ = {
			isa = PBXGroup;
			children = (
				7C6CB83860AD94E14296C93E /* Pods_MineNetwork.framework */,
			);
			name = Frameworks;
			sourceTree = "<group>";
		};
		34B2C0F81E0BAC8300AA5570 /* Util */ = {
			isa = PBXGroup;
			children = (
				34B2C0F91E0BAC9800AA5570 /* Constants.swift */,
			);
			name = Util;
			sourceTree = "<group>";
		};
		34B583011E11F49D006D1EED /* Services */ = {
			isa = PBXGroup;
			children = (
				34B583041E11F54F006D1EED /* DataService.swift */,
			);
			name = Services;
			sourceTree = "<group>";
		};
		34FDE1471E0B308C0093A6CA = {
			isa = PBXGroup;
			children = (
				34FDE1521E0B308C0093A6CA /* MineNetwork */,
				34FDE1511E0B308C0093A6CA /* Products */,
				D97D6BB0365CBAD919AE11F6 /* Pods */,
				0BC57B07C32B2586154DB49A /* Frameworks */,
			);
			sourceTree = "<group>";
		};
		34FDE1511E0B308C0093A6CA /* Products */ = {
			isa = PBXGroup;
			children = (
				34FDE1501E0B308C0093A6CA /* MineNetwork.app */,
			);
			name = Products;
			sourceTree = "<group>";
		};
		34FDE1521E0B308C0093A6CA /* MineNetwork */ = {
			isa = PBXGroup;
			children = (
				34B583011E11F49D006D1EED /* Services */,
				341BAEBC1E0DB08600F8D4CA /* MineNetwork.entitlements */,
				34B2C0F81E0BAC8300AA5570 /* Util */,
				34FDE1671E0B32A70093A6CA /* Model */,
				34FDE1691E0B32C10093A6CA /* Controller */,
				34FDE1681E0B32BA0093A6CA /* View */,
				34FDE1531E0B308C0093A6CA /* AppDelegate.swift */,
				34FDE1571E0B308C0093A6CA /* Main.storyboard */,
				34FDE15A1E0B308C0093A6CA /* Assets.xcassets */,
				34FDE15C1E0B308C0093A6CA /* LaunchScreen.storyboard */,
				34FDE15F1E0B308C0093A6CA /* Info.plist */,
				34FDE1651E0B30E20093A6CA /* GoogleService-Info.plist */,
			);
			path = MineNetwork;
			sourceTree = "<group>";
		};
		34FDE1671E0B32A70093A6CA /* Model */ = {
			isa = PBXGroup;
			children = (
				34F2F3161E121FC900C51CF6 /* Post.swift */,
				345589AD1E14BC7600CAD16A /* CurrentWeather.swift */,
				34FA81031E16267C00C85B03 /* Forecast.swift */,
				34FA81071E16358800C85B03 /* Location.swift */,
			);
			name = Model;
			sourceTree = "<group>";
		};
		34FDE1681E0B32BA0093A6CA /* View */ = {
			isa = PBXGroup;
			children = (
				34B2C0F61E0BAC0500AA5570 /* FancyView.swift */,
				342204DB1E0C64F50054D465 /* RountBtn.swift */,
				342204DD1E0C66450054D465 /* FancyField.swift */,
				342204DF1E0C67500054D465 /* FancyBtn.swift */,
				341BAEC51E0DD20C00F8D4CA /* CircleView.swift */,
				34B582FF1E11CD9C006D1EED /* PostCell.swift */,
				34FA81051E162FE100C85B03 /* WeatherCell.swift */,
			);
			name = View;
			sourceTree = "<group>";
		};
		34FDE1691E0B32C10093A6CA /* Controller */ = {
			isa = PBXGroup;
			children = (
				34FDE1551E0B308C0093A6CA /* SignInVC.swift */,
				341BAEC31E0DC3B500F8D4CA /* FeedVC.swift */,
				34EE06021E13709C0035C016 /* WeatherVC.swift */,
			);
			name = Controller;
			sourceTree = "<group>";
		};
		D97D6BB0365CBAD919AE11F6 /* Pods */ = {
			isa = PBXGroup;
			children = (
				53315ACEFF180116B4E05078 /* Pods-MineNetwork.debug.xcconfig */,
				DAE501CE878E31C76920BEBA /* Pods-MineNetwork.release.xcconfig */,
			);
			name = Pods;
			sourceTree = "<group>";
		};
/* End PBXGroup section */

/* Begin PBXNativeTarget section */
		34FDE14F1E0B308C0093A6CA /* MineNetwork */ = {
			isa = PBXNativeTarget;
			buildConfigurationList = 34FDE1621E0B308C0093A6CA /* Build configuration list for PBXNativeTarget "MineNetwork" */;
			buildPhases = (
				276B467D5690DAF9C9837BB0 /* [CP] Check Pods Manifest.lock */,
				34FDE14C1E0B308C0093A6CA /* Sources */,
				34FDE14D1E0B308C0093A6CA /* Frameworks */,
				34FDE14E1E0B308C0093A6CA /* Resources */,
				DCF1F8F265921E443AF1C488 /* [CP] Embed Pods Frameworks */,
				6E2964BD51849A1753FC3363 /* [CP] Copy Pods Resources */,
			);
			buildRules = (
			);
			dependencies = (
			);
			name = MineNetwork;
			productName = MineNetwork;
			productReference = 34FDE1501E0B308C0093A6CA /* MineNetwork.app */;
			productType = "com.apple.product-type.application";
		};
/* End PBXNativeTarget section */

/* Begin PBXProject section */
		34FDE1481E0B308C0093A6CA /* Project object */ = {
			isa = PBXProject;
			attributes = {
				LastSwiftUpdateCheck = 0800;
				LastUpgradeCheck = 0800;
				ORGANIZATIONNAME = "Honglix Xu";
				TargetAttributes = {
					34FDE14F1E0B308C0093A6CA = {
						CreatedOnToolsVersion = 8.0;
						DevelopmentTeam = FSBP9QSA68;
						ProvisioningStyle = Automatic;
						SystemCapabilities = {
							com.apple.Keychain = {
								enabled = 1;
							};
						};
					};
				};
			};
			buildConfigurationList = 34FDE14B1E0B308C0093A6CA /* Build configuration list for PBXProject "MineNetwork" */;
			compatibilityVersion = "Xcode 3.2";
			developmentRegion = English;
			hasScannedForEncodings = 0;
			knownRegions = (
				en,
				Base,
			);
			mainGroup = 34FDE1471E0B308C0093A6CA;
			productRefGroup = 34FDE1511E0B308C0093A6CA /* Products */;
			projectDirPath = "";
			projectRoot = "";
			targets = (
				34FDE14F1E0B308C0093A6CA /* MineNetwork */,
			);
		};
/* End PBXProject section */

/* Begin PBXResourcesBuildPhase section */
		34FDE14E1E0B308C0093A6CA /* Resources */ = {
			isa = PBXResourcesBuildPhase;
			buildActionMask = 2147483647;
			files = (
				34FDE15E1E0B308C0093A6CA /* LaunchScreen.storyboard in Resources */,
				34FDE1661E0B30E20093A6CA /* GoogleService-Info.plist in Resources */,
				34FDE15B1E0B308C0093A6CA /* Assets.xcassets in Resources */,
				34FDE1591E0B308C0093A6CA /* Main.storyboard in Resources */,
			);
			runOnlyForDeploymentPostprocessing = 0;
		};
/* End PBXResourcesBuildPhase section */

/* Begin PBXShellScriptBuildPhase section */
		276B467D5690DAF9C9837BB0 /* [CP] Check Pods Manifest.lock */ = {
			isa = PBXShellScriptBuildPhase;
			buildActionMask = 2147483647;
			files = (
			);
			inputPaths = (
			);
			name = "[CP] Check Pods Manifest.lock";
			outputPaths = (
			);
			runOnlyForDeploymentPostprocessing = 0;
			shellPath = /bin/sh;
			shellScript = "diff \"${PODS_ROOT}/../Podfile.lock\" \"${PODS_ROOT}/Manifest.lock\" > /dev/null\nif [ $? != 0 ] ; then\n    # print error to STDERR\n    echo \"error: The sandbox is not in sync with the Podfile.lock. Run 'pod install' or update your CocoaPods installation.\" >&2\n    exit 1\nfi\n";
			showEnvVarsInLog = 0;
		};
		6E2964BD51849A1753FC3363 /* [CP] Copy Pods Resources */ = {
			isa = PBXShellScriptBuildPhase;
			buildActionMask = 2147483647;
			files = (
			);
			inputPaths = (
			);
			name = "[CP] Copy Pods Resources";
			outputPaths = (
			);
			runOnlyForDeploymentPostprocessing = 0;
			shellPath = /bin/sh;
			shellScript = "\"${SRCROOT}/Pods/Target Support Files/Pods-MineNetwork/Pods-MineNetwork-resources.sh\"\n";
			showEnvVarsInLog = 0;
		};
		DCF1F8F265921E443AF1C488 /* [CP] Embed Pods Frameworks */ = {
			isa = PBXShellScriptBuildPhase;
			buildActionMask = 2147483647;
			files = (
			);
			inputPaths = (
			);
			name = "[CP] Embed Pods Frameworks";
			outputPaths = (
			);
			runOnlyForDeploymentPostprocessing = 0;
			shellPath = /bin/sh;
			shellScript = "\"${SRCROOT}/Pods/Target Support Files/Pods-MineNetwork/Pods-MineNetwork-frameworks.sh\"\n";
			showEnvVarsInLog = 0;
		};
/* End PBXShellScriptBuildPhase section */

/* Begin PBXSourcesBuildPhase section */
		34FDE14C1E0B308C0093A6CA /* Sources */ = {
			isa = PBXSourcesBuildPhase;
			buildActionMask = 2147483647;
			files = (
				341BAEC61E0DD20C00F8D4CA /* CircleView.swift in Sources */,
				34EE06031E13709C0035C016 /* WeatherVC.swift in Sources */,
				342204DE1E0C66450054D465 /* FancyField.swift in Sources */,
				34FDE1561E0B308C0093A6CA /* SignInVC.swift in Sources */,
				34FA81041E16267C00C85B03 /* Forecast.swift in Sources */,
				34FA81081E16358800C85B03 /* Location.swift in Sources */,
				34F2F3171E121FC900C51CF6 /* Post.swift in Sources */,
				34FDE1541E0B308C0093A6CA /* AppDelegate.swift in Sources */,
				342204DC1E0C64F50054D465 /* RountBtn.swift in Sources */,
				34B583051E11F54F006D1EED /* DataService.swift in Sources */,
				341BAEC41E0DC3B500F8D4CA /* FeedVC.swift in Sources */,
				34B2C0F71E0BAC0500AA5570 /* FancyView.swift in Sources */,
				345589AE1E14BC7600CAD16A /* CurrentWeather.swift in Sources */,
				34FA81061E162FE100C85B03 /* WeatherCell.swift in Sources */,
				34B2C0FA1E0BAC9800AA5570 /* Constants.swift in Sources */,
				342204E01E0C67500054D465 /* FancyBtn.swift in Sources */,
				34B583001E11CD9C006D1EED /* PostCell.swift in Sources */,
			);
			runOnlyForDeploymentPostprocessing = 0;
		};
/* End PBXSourcesBuildPhase section */

/* Begin PBXVariantGroup section */
		34FDE1571E0B308C0093A6CA /* Main.storyboard */ = {
			isa = PBXVariantGroup;
			children = (
				34FDE1581E0B308C0093A6CA /* Base */,
			);
			name = Main.storyboard;
			sourceTree = "<group>";
		};
		34FDE15C1E0B308C0093A6CA /* LaunchScreen.storyboard */ = {
			isa = PBXVariantGroup;
			children = (
				34FDE15D1E0B308C0093A6CA /* Base */,
			);
			name = LaunchScreen.storyboard;
			sourceTree = "<group>";
		};
/* End PBXVariantGroup section */

/* Begin XCBuildConfiguration section */
		34FDE1601E0B308C0093A6CA /* Debug */ = {
			isa = XCBuildConfiguration;
			buildSettings = {
				ALWAYS_SEARCH_USER_PATHS = NO;
				CLANG_ANALYZER_NONNULL = YES;
				CLANG_CXX_LANGUAGE_STANDARD = "gnu++0x";
				CLANG_CXX_LIBRARY = "libc++";
				CLANG_ENABLE_MODULES = YES;
				CLANG_ENABLE_OBJC_ARC = YES;
				CLANG_WARN_BOOL_CONVERSION = YES;
				CLANG_WARN_CONSTANT_CONVERSION = YES;
				CLANG_WARN_DIRECT_OBJC_ISA_USAGE = YES_ERROR;
				CLANG_WARN_DOCUMENTATION_COMMENTS = YES;
				CLANG_WARN_EMPTY_BODY = YES;
				CLANG_WARN_ENUM_CONVERSION = YES;
				CLANG_WARN_INFINITE_RECURSION = YES;
				CLANG_WARN_INT_CONVERSION = YES;
				CLANG_WARN_OBJC_ROOT_CLASS = YES_ERROR;
				CLANG_WARN_SUSPICIOUS_MOVES = YES;
				CLANG_WARN_UNREACHABLE_CODE = YES;
				CLANG_WARN__DUPLICATE_METHOD_MATCH = YES;
				"CODE_SIGN_IDENTITY[sdk=iphoneos*]" = "iPhone Developer";
				COPY_PHASE_STRIP = NO;
				DEBUG_INFORMATION_FORMAT = dwarf;
				ENABLE_STRICT_OBJC_MSGSEND = YES;
				ENABLE_TESTABILITY = YES;
				GCC_C_LANGUAGE_STANDARD = gnu99;
				GCC_DYNAMIC_NO_PIC = NO;
				GCC_NO_COMMON_BLOCKS = YES;
				GCC_OPTIMIZATION_LEVEL = 0;
				GCC_PREPROCESSOR_DEFINITIONS = (
					"DEBUG=1",
					"$(inherited)",
				);
				GCC_WARN_64_TO_32_BIT_CONVERSION = YES;
				GCC_WARN_ABOUT_RETURN_TYPE = YES_ERROR;
				GCC_WARN_UNDECLARED_SELECTOR = YES;
				GCC_WARN_UNINITIALIZED_AUTOS = YES_AGGRESSIVE;
				GCC_WARN_UNUSED_FUNCTION = YES;
				GCC_WARN_UNUSED_VARIABLE = YES;
				IPHONEOS_DEPLOYMENT_TARGET = 10.0;
				MTL_ENABLE_DEBUG_INFO = YES;
				ONLY_ACTIVE_ARCH = YES;
				SDKROOT = iphoneos;
				SWIFT_ACTIVE_COMPILATION_CONDITIONS = DEBUG;
				SWIFT_OPTIMIZATION_LEVEL = "-Onone";
				TARGETED_DEVICE_FAMILY = "1,2";
			};
			name = Debug;
		};
		34FDE1611E0B308C0093A6CA /* Release */ = {
			isa = XCBuildConfiguration;
			buildSettings = {
				ALWAYS_SEARCH_USER_PATHS = NO;
				CLANG_ANALYZER_NONNULL = YES;
				CLANG_CXX_LANGUAGE_STANDARD = "gnu++0x";
				CLANG_CXX_LIBRARY = "libc++";
				CLANG_ENABLE_MODULES = YES;
				CLANG_ENABLE_OBJC_ARC = YES;
				CLANG_WARN_BOOL_CONVERSION = YES;
				CLANG_WARN_CONSTANT_CONVERSION = YES;
				CLANG_WARN_DIRECT_OBJC_ISA_USAGE = YES_ERROR;
				CLANG_WARN_DOCUMENTATION_COMMENTS = YES;
				CLANG_WARN_EMPTY_BODY = YES;
				CLANG_WARN_ENUM_CONVERSION = YES;
				CLANG_WARN_INFINITE_RECURSION = YES;
				CLANG_WARN_INT_CONVERSION = YES;
				CLANG_WARN_OBJC_ROOT_CLASS = YES_ERROR;
				CLANG_WARN_SUSPICIOUS_MOVES = YES;
				CLANG_WARN_UNREACHABLE_CODE = YES;
				CLANG_WARN__DUPLICATE_METHOD_MATCH = YES;
				"CODE_SIGN_IDENTITY[sdk=iphoneos*]" = "iPhone Developer";
				COPY_PHASE_STRIP = NO;
				DEBUG_INFORMATION_FORMAT = "dwarf-with-dsym";
				ENABLE_NS_ASSERTIONS = NO;
				ENABLE_STRICT_OBJC_MSGSEND = YES;
				GCC_C_LANGUAGE_STANDARD = gnu99;
				GCC_NO_COMMON_BLOCKS = YES;
				GCC_WARN_64_TO_32_BIT_CONVERSION = YES;
				GCC_WARN_ABOUT_RETURN_TYPE = YES_ERROR;
				GCC_WARN_UNDECLARED_SELECTOR = YES;
				GCC_WARN_UNINITIALIZED_AUTOS = YES_AGGRESSIVE;
				GCC_WARN_UNUSED_FUNCTION = YES;
				GCC_WARN_UNUSED_VARIABLE = YES;
				IPHONEOS_DEPLOYMENT_TARGET = 10.0;
				MTL_ENABLE_DEBUG_INFO = NO;
				SDKROOT = iphoneos;
				SWIFT_OPTIMIZATION_LEVEL = "-Owholemodule";
				TARGETED_DEVICE_FAMILY = "1,2";
				VALIDATE_PRODUCT = YES;
			};
			name = Release;
		};
		34FDE1631E0B308C0093A6CA /* Debug */ = {
			isa = XCBuildConfiguration;
			baseConfigurationReference = 53315ACEFF180116B4E05078 /* Pods-MineNetwork.debug.xcconfig */;
			buildSettings = {
				ASSETCATALOG_COMPILER_APPICON_NAME = AppIcon;
				CODE_SIGN_ENTITLEMENTS = MineNetwork/MineNetwork.entitlements;
				DEVELOPMENT_TEAM = FSBP9QSA68;
				INFOPLIST_FILE = MineNetwork/Info.plist;
				LD_RUNPATH_SEARCH_PATHS = "$(inherited) @executable_path/Frameworks";
				PRODUCT_BUNDLE_IDENTIFIER = IOS.MineNetwork;
				PRODUCT_NAME = "$(TARGET_NAME)";
				SWIFT_VERSION = 3.0;
			};
			name = Debug;
		};
		34FDE1641E0B308C0093A6CA /* Release */ = {
			isa = XCBuildConfiguration;
			baseConfigurationReference = DAE501CE878E31C76920BEBA /* Pods-MineNetwork.release.xcconfig */;
			buildSettings = {
				ASSETCATALOG_COMPILER_APPICON_NAME = AppIcon;
				CODE_SIGN_ENTITLEMENTS = MineNetwork/MineNetwork.entitlements;
				DEVELOPMENT_TEAM = FSBP9QSA68;
				INFOPLIST_FILE = MineNetwork/Info.plist;
				LD_RUNPATH_SEARCH_PATHS = "$(inherited) @executable_path/Frameworks";
				PRODUCT_BUNDLE_IDENTIFIER = IOS.MineNetwork;
				PRODUCT_NAME = "$(TARGET_NAME)";
				SWIFT_VERSION = 3.0;
			};
			name = Release;
		};
/* End XCBuildConfiguration section */

/* Begin XCConfigurationList section */
		34FDE14B1E0B308C0093A6CA /* Build configuration list for PBXProject "MineNetwork" */ = {
			isa = XCConfigurationList;
			buildConfigurations = (
				34FDE1601E0B308C0093A6CA /* Debug */,
				34FDE1611E0B308C0093A6CA /* Release */,
			);
			defaultConfigurationIsVisible = 0;
			defaultConfigurationName = Release;
		};
		34FDE1621E0B308C0093A6CA /* Build configuration list for PBXNativeTarget "MineNetwork" */ = {
			isa = XCConfigurationList;
			buildConfigurations = (
				34FDE1631E0B308C0093A6CA /* Debug */,
				34FDE1641E0B308C0093A6CA /* Release */,
			);
			defaultConfigurationIsVisible = 0;
			defaultConfigurationName = Release;
		};
/* End XCConfigurationList section */
	};
	rootObject = 34FDE1481E0B308C0093A6CA /* Project object */;
}
